
Microsoft Visual Studio Solution File, Format Version 12.00
# Visual Studio Version 17
VisualStudioVersion = 17.5.002.0
MinimumVisualStudioVersion = 10.0.40219.1
Project("{9A19103F-16F7-4668-BE54-9A1E7A4F7556}") = "API", "API\API.csproj", "{BB4FC089-3073-4C94-AA37-20A0D1F22EFA}"
EndProject
Global
	GlobalSection(SolutionConfigurationPlatforms) = preSolution
		Debug|Any CPU = Debug|Any CPU
		Release|Any CPU = Release|Any CPU
	EndGlobalSection
	GlobalSection(ProjectConfigurationPlatforms) = postSolution
		{BB4FC089-3073-4C94-AA37-20A0D1F22EFA}.Debug|Any CPU.ActiveCfg = Debug|Any CPU
		{BB4FC089-3073-4C94-AA37-20A0D1F22EFA}.Debug|Any CPU.Build.0 = Debug|Any CPU
		{BB4FC089-3073-4C94-AA37-20A0D1F22EFA}.Release|Any CPU.ActiveCfg = Release|Any CPU
		{BB4FC089-3073-4C94-AA37-20A0D1F22EFA}.Release|Any CPU.Build.0 = Release|Any CPU
	EndGlobalSection
	GlobalSection(SolutionProperties) = preSolution
		HideSolutionNode = FALSE
	EndGlobalSection
	GlobalSection(ExtensibilityGlobals) = postSolution
		SolutionGuid = {7BFAD868-D591-415B-A5D7-EBF978243DDC}
	EndGlobalSection
EndGlobal
